
Microsoft Visual Studio Solution File, Format Version 11.00
# Visual Studio 2010
Project("{8BC9CEB8-8B4A-11D0-8D11-00A0C91BC942}") = "Red-Black Tree (Alpha Version)", "Red-Black Tree (Alpha Version)\Red-Black Tree (Alpha Version).vcxproj", "{D3DB1D6D-2F4D-4013-B2E8-2DA2971D3E04}"
EndProject
Global
	GlobalSection(SolutionConfigurationPlatforms) = preSolution
		Debug|Win32 = Debug|Win32
		Release|Win32 = Release|Win32
	EndGlobalSection
	GlobalSection(ProjectConfigurationPlatforms) = postSolution
		{D3DB1D6D-2F4D-4013-B2E8-2DA2971D3E04}.Debug|Win32.ActiveCfg = Debug|Win32
		{D3DB1D6D-2F4D-4013-B2E8-2DA2971D3E04}.Debug|Win32.Build.0 = Debug|Win32
		{D3DB1D6D-2F4D-4013-B2E8-2DA2971D3E04}.Release|Win32.ActiveCfg = Release|Win32
		{D3DB1D6D-2F4D-4013-B2E8-2DA2971D3E04}.Release|Win32.Build.0 = Release|Win32
	EndGlobalSection
	GlobalSection(SolutionProperties) = preSolution
		HideSolutionNode = FALSE
	EndGlobalSection
EndGlobal
